
Microsoft Visual Studio Solution File, Format Version 12.00
# Visual Studio 2013
VisualStudioVersion = 12.0.40629.0
MinimumVisualStudioVersion = 10.0.40219.1
Project("{8BC9CEB8-8B4A-11D0-8D11-00A0C91BC942}") = "AdminServer", "AdminServer\AdminServer.vcxproj", "{958F0B92-50CA-4348-A0D2-18CD8C9A9B79}"
EndProject
Project("{8BC9CEB8-8B4A-11D0-8D11-00A0C91BC942}") = "NodeAgent", "NodeAgent\NodeAgent.vcxproj", "{8D7D5024-0839-4654-9CE3-7315D47A1C92}"
EndProject
Project("{8BC9CEB8-8B4A-11D0-8D11-00A0C91BC942}") = "sample", "sample\sample.vcxproj", "{44A00A82-385A-44EE-BCDC-967E564CB54A}"
EndProject
Project("{8BC9CEB8-8B4A-11D0-8D11-00A0C91BC942}") = "TrafficGenerator", "TrafficGenerator\TrafficGenerator.vcxproj", "{1A81BA27-6018-4017-9E1A-64531A73E3A1}"
EndProject
Project("{8BC9CEB8-8B4A-11D0-8D11-00A0C91BC942}") = "SimuClient", "SimuClient\SimuClient.vcxproj", "{376D4E77-6288-4982-A369-C0772516AF97}"
EndProject
Project("{8BC9CEB8-8B4A-11D0-8D11-00A0C91BC942}") = "Comp", "Comp\Comp.vcxproj", "{2C225C01-49D4-4809-91A3-C743B6B5AB76}"
EndProject
Project("{8BC9CEB8-8B4A-11D0-8D11-00A0C91BC942}") = "test", "test\test.vcxproj", "{9FBA0C6A-9D15-4E3F-9B93-5D046461B657}"
EndProject
Global
	GlobalSection(SolutionConfigurationPlatforms) = preSolution
		Debug|Win32 = Debug|Win32
		Release|Win32 = Release|Win32
	EndGlobalSection
	GlobalSection(ProjectConfigurationPlatforms) = postSolution
		{958F0B92-50CA-4348-A0D2-18CD8C9A9B79}.Debug|Win32.ActiveCfg = Debug|Win32
		{958F0B92-50CA-4348-A0D2-18CD8C9A9B79}.Debug|Win32.Build.0 = Debug|Win32
		{958F0B92-50CA-4348-A0D2-18CD8C9A9B79}.Release|Win32.ActiveCfg = Release|Win32
		{958F0B92-50CA-4348-A0D2-18CD8C9A9B79}.Release|Win32.Build.0 = Release|Win32
		{8D7D5024-0839-4654-9CE3-7315D47A1C92}.Debug|Win32.ActiveCfg = Debug|Win32
		{8D7D5024-0839-4654-9CE3-7315D47A1C92}.Debug|Win32.Build.0 = Debug|Win32
		{8D7D5024-0839-4654-9CE3-7315D47A1C92}.Release|Win32.ActiveCfg = Release|Win32
		{8D7D5024-0839-4654-9CE3-7315D47A1C92}.Release|Win32.Build.0 = Release|Win32
		{44A00A82-385A-44EE-BCDC-967E564CB54A}.Debug|Win32.ActiveCfg = Debug|Win32
		{44A00A82-385A-44EE-BCDC-967E564CB54A}.Debug|Win32.Build.0 = Debug|Win32
		{44A00A82-385A-44EE-BCDC-967E564CB54A}.Release|Win32.ActiveCfg = Release|Win32
		{44A00A82-385A-44EE-BCDC-967E564CB54A}.Release|Win32.Build.0 = Release|Win32
		{1A81BA27-6018-4017-9E1A-64531A73E3A1}.Debug|Win32.ActiveCfg = Debug|Win32
		{1A81BA27-6018-4017-9E1A-64531A73E3A1}.Debug|Win32.Build.0 = Debug|Win32
		{1A81BA27-6018-4017-9E1A-64531A73E3A1}.Release|Win32.ActiveCfg = Release|Win32
		{1A81BA27-6018-4017-9E1A-64531A73E3A1}.Release|Win32.Build.0 = Release|Win32
		{376D4E77-6288-4982-A369-C0772516AF97}.Debug|Win32.ActiveCfg = Debug|Win32
		{376D4E77-6288-4982-A369-C0772516AF97}.Debug|Win32.Build.0 = Debug|Win32
		{376D4E77-6288-4982-A369-C0772516AF97}.Release|Win32.ActiveCfg = Release|Win32
		{376D4E77-6288-4982-A369-C0772516AF97}.Release|Win32.Build.0 = Release|Win32
		{2C225C01-49D4-4809-91A3-C743B6B5AB76}.Debug|Win32.ActiveCfg = Debug|Win32
		{2C225C01-49D4-4809-91A3-C743B6B5AB76}.Debug|Win32.Build.0 = Debug|Win32
		{2C225C01-49D4-4809-91A3-C743B6B5AB76}.Release|Win32.ActiveCfg = Release|Win32
		{2C225C01-49D4-4809-91A3-C743B6B5AB76}.Release|Win32.Build.0 = Release|Win32
		{9FBA0C6A-9D15-4E3F-9B93-5D046461B657}.Debug|Win32.ActiveCfg = Debug|Win32
		{9FBA0C6A-9D15-4E3F-9B93-5D046461B657}.Debug|Win32.Build.0 = Debug|Win32
		{9FBA0C6A-9D15-4E3F-9B93-5D046461B657}.Release|Win32.ActiveCfg = Release|Win32
		{9FBA0C6A-9D15-4E3F-9B93-5D046461B657}.Release|Win32.Build.0 = Release|Win32
	EndGlobalSection
	GlobalSection(SolutionProperties) = preSolution
		HideSolutionNode = FALSE
	EndGlobalSection
EndGlobal
