<?xml version="1.0" encoding="utf-8"?>
<Project ToolsVersion="4.0" xmlns="http://schemas.microsoft.com/developer/msbuild/2003">
  <ItemGroup>
    <Filter Include="Source files">
      <UniqueIdentifier>{6a3f7d14-bfa1-4898-aeb6-c269a9777cb1}</UniqueIdentifier>
      <Extensions>cpp;c;cc;cxx;def;odl;idl;hpj;bat;asm;asmx</Extensions>
    </Filter>
    <Filter Include="Resource files">
      <UniqueIdentifier>{26f2bc4b-3611-4518-bb85-306ef8dd3711}</UniqueIdentifier>
      <Extensions>rc;ico;cur;bmp;dlg;rc2;rct;bin;rgs;gif;jpg;jpeg;jpe;resx;tiff;tif;png;wav</Extensions>
    </Filter>
    <Filter Include="VisualGDB settings">
      <UniqueIdentifier>{7d6fc7fe-8402-451c-8cff-82f7f26a2108}</UniqueIdentifier>
    </Filter>
    <Filter Include="Auto files">
      <UniqueIdentifier>{d08ccd1d-2df5-45d6-9a48-5a344c13b327}</UniqueIdentifier>
      <Extensions>h;hpp;hxx;hm;inl;inc;xsd</Extensions>
    </Filter>
  </ItemGroup>
  <ItemGroup>
    <ClCompile Include="node_main.cpp">
      <Filter>Source files</Filter>
    </ClCompile>
    <ClCompile Include="node_server_config.cpp">
      <Filter>Source files</Filter>
    </ClCompile>
    <ClCompile Include="node_service_impl.cpp">
      <Filter>Source files</Filter>
    </ClCompile>
    <None Include="NodeAgent-Debug.vgdbsettings">
      <Filter>VisualGDB settings</Filter>
    </None>
    <None Include="NodeAgent-Release.vgdbsettings">
      <Filter>VisualGDB settings</Filter>
    </None>
    <ClCompile Include="node.pb.cc">
      <Filter>Auto files</Filter>
    </ClCompile>
    <ClCompile Include="phxrpc_node_dispatcher.cpp">
      <Filter>Auto files</Filter>
    </ClCompile>
    <ClCompile Include="phxrpc_node_service.cpp">
      <Filter>Auto files</Filter>
    </ClCompile>
    <ClCompile Include="phxrpc_node_stub.cpp">
      <Filter>Auto files</Filter>
    </ClCompile>
    <ClCompile Include="phxrpc_node_tool.cpp">
      <Filter>Auto files</Filter>
    </ClCompile>
    <ClCompile Include="HeatbeatThread.cpp">
      <Filter>Source files</Filter>
    </ClCompile>
    <ClCompile Include="NodeData.cpp">
      <Filter>Source files</Filter>
    </ClCompile>
  </ItemGroup>
  <ItemGroup>
    <ClInclude Include="node_server_config.h">
      <Filter>Source files</Filter>
    </ClInclude>
    <ClInclude Include="node_service_impl.h">
      <Filter>Source files</Filter>
    </ClInclude>
    <ClInclude Include="node.pb.h">
      <Filter>Auto files</Filter>
    </ClInclude>
    <ClInclude Include="phxrpc_node_dispatcher.h">
      <Filter>Auto files</Filter>
    </ClInclude>
    <ClInclude Include="phxrpc_node_service.h">
      <Filter>Auto files</Filter>
    </ClInclude>
    <ClInclude Include="phxrpc_node_stub.h">
      <Filter>Auto files</Filter>
    </ClInclude>
    <ClInclude Include="phxrpc_node_tool.h">
      <Filter>Auto files</Filter>
    </ClInclude>
    <ClInclude Include="HeatbeatThread.h">
      <Filter>Source files</Filter>
    </ClInclude>
    <ClInclude Include="NodeData.h">
      <Filter>Source files</Filter>
    </ClInclude>
  </ItemGroup>
  <ItemGroup>
    <None Include="Makefile">
      <Filter>Source files</Filter>
    </None>
    <None Include="node.proto">
      <Filter>Source files</Filter>
    </None>
    <None Include="node_client.conf">
      <Filter>Source files</Filter>
    </None>
    <None Include="node_server.conf">
      <Filter>Source files</Filter>
    </None>
  </ItemGroup>
</Project>