<?xml version="1.0" encoding="utf-8"?>
<Project ToolsVersion="4.0" xmlns="http://schemas.microsoft.com/developer/msbuild/2003">
  <ItemGroup>
    <Filter Include="Source files">
      <UniqueIdentifier>{0789823f-8587-4d2e-9608-d4587b1baa0f}</UniqueIdentifier>
      <Extensions>cpp;c;cc;cxx;def;odl;idl;hpj;bat;asm;asmx</Extensions>
    </Filter>
    <Filter Include="Resource files">
      <UniqueIdentifier>{2b016b93-4ae0-4c8c-8fb5-fff9fc7f4813}</UniqueIdentifier>
      <Extensions>rc;ico;cur;bmp;dlg;rc2;rct;bin;rgs;gif;jpg;jpeg;jpe;resx;tiff;tif;png;wav</Extensions>
    </Filter>
    <Filter Include="VisualGDB settings">
      <UniqueIdentifier>{4c3dc897-52f5-4d3e-a347-52542d509345}</UniqueIdentifier>
    </Filter>
    <Filter Include="Auto files">
      <UniqueIdentifier>{e48677e6-1fb5-4aac-8f0c-d7e6c77e13aa}</UniqueIdentifier>
      <Extensions>h;hpp;hxx;hm;inl;inc;xsd</Extensions>
    </Filter>
    <Filter Include="Client files">
      <UniqueIdentifier>{55bbb9e3-e5ea-436b-8cd4-5e972115560e}</UniqueIdentifier>
    </Filter>
  </ItemGroup>
  <ItemGroup>
    <ClCompile Include="admin_main.cpp">
      <Filter>Source files</Filter>
    </ClCompile>
    <ClCompile Include="admin_server_config.cpp">
      <Filter>Source files</Filter>
    </ClCompile>
    <ClCompile Include="admin_service_impl.cpp">
      <Filter>Source files</Filter>
    </ClCompile>
    <None Include="AdminServer-Debug.vgdbsettings">
      <Filter>VisualGDB settings</Filter>
    </None>
    <None Include="AdminServer-Release.vgdbsettings">
      <Filter>VisualGDB settings</Filter>
    </None>
    <ClCompile Include="admin.pb.cc">
      <Filter>Auto files</Filter>
    </ClCompile>
    <ClCompile Include="phxrpc_admin_dispatcher.cpp">
      <Filter>Auto files</Filter>
    </ClCompile>
    <ClCompile Include="phxrpc_admin_service.cpp">
      <Filter>Auto files</Filter>
    </ClCompile>
    <ClCompile Include="phxrpc_admin_stub.cpp">
      <Filter>Auto files</Filter>
    </ClCompile>
    <ClCompile Include="phxrpc_admin_tool.cpp">
      <Filter>Auto files</Filter>
    </ClCompile>
    <ClCompile Include="AdminData.cpp">
      <Filter>Source files</Filter>
    </ClCompile>
    <ClCompile Include="admin_client.cpp">
      <Filter>Client files</Filter>
    </ClCompile>
    <ClCompile Include="admin_tool_impl.cpp">
      <Filter>Client files</Filter>
    </ClCompile>
    <ClCompile Include="admin_tool_main.cpp">
      <Filter>Client files</Filter>
    </ClCompile>
  </ItemGroup>
  <ItemGroup>
    <ClInclude Include="admin_server_config.h">
      <Filter>Source files</Filter>
    </ClInclude>
    <ClInclude Include="admin_service_impl.h">
      <Filter>Source files</Filter>
    </ClInclude>
    <ClInclude Include="admin.pb.h">
      <Filter>Auto files</Filter>
    </ClInclude>
    <ClInclude Include="phxrpc_admin_dispatcher.h">
      <Filter>Auto files</Filter>
    </ClInclude>
    <ClInclude Include="phxrpc_admin_service.h">
      <Filter>Auto files</Filter>
    </ClInclude>
    <ClInclude Include="phxrpc_admin_stub.h">
      <Filter>Auto files</Filter>
    </ClInclude>
    <ClInclude Include="phxrpc_admin_tool.h">
      <Filter>Auto files</Filter>
    </ClInclude>
    <ClInclude Include="AdminData.h">
      <Filter>Source files</Filter>
    </ClInclude>
    <ClInclude Include="admin_client.h">
      <Filter>Client files</Filter>
    </ClInclude>
    <ClInclude Include="admin_tool_impl.h">
      <Filter>Client files</Filter>
    </ClInclude>
    <ClInclude Include="ResourceCost.h">
      <Filter>Source files</Filter>
    </ClInclude>
  </ItemGroup>
  <ItemGroup>
    <None Include="admin.proto">
      <Filter>Source files</Filter>
    </None>
    <None Include="Makefile">
      <Filter>Source files</Filter>
    </None>
    <None Include="admin_client.conf">
      <Filter>Source files</Filter>
    </None>
    <None Include="admin_server.conf">
      <Filter>Source files</Filter>
    </None>
  </ItemGroup>
</Project>